
Microsoft Visual Studio Solution File, Format Version 12.00
# Visual Studio Version 16
VisualStudioVersion = 16.0.29230.47
MinimumVisualStudioVersion = 10.0.40219.1
Project("{8BC9CEB8-8B4A-11D0-8D11-00A0C91BC942}") = "Ex1", "ConsoleApplication2\ConsoleApplication2.vcxproj", "{BBFF5FFC-F967-4A2E-B4A2-CAEF4DA4C851}"
EndProject
Project("{8BC9CEB8-8B4A-11D0-8D11-00A0C91BC942}") = "Ex2", "Ex2\Ex2.vcxproj", "{820CAE50-C9C8-4A90-AD55-2C2613583D40}"
EndProject
Project("{8BC9CEB8-8B4A-11D0-8D11-00A0C91BC942}") = "Ex3", "Ex3\Ex3.vcxproj", "{D33A7E4C-FF20-4E5E-AE25-91EF2867BA34}"
EndProject
Project("{8BC9CEB8-8B4A-11D0-8D11-00A0C91BC942}") = "Ex4", "Ex4\Ex4.vcxproj", "{9C8EC024-573C-440E-BBA9-809D115430D5}"
EndProject
Project("{8BC9CEB8-8B4A-11D0-8D11-00A0C91BC942}") = "Ex5", "Ex5\Ex5.vcxproj", "{739F55D2-9919-44FD-B50C-0581607ADF14}"
EndProject
Project("{8BC9CEB8-8B4A-11D0-8D11-00A0C91BC942}") = "Ex6", "Ex6\Ex6.vcxproj", "{9C6FEB02-95F2-4C14-9732-D8274A7A505B}"
EndProject
Project("{8BC9CEB8-8B4A-11D0-8D11-00A0C91BC942}") = "Ex7", "Ex7\Ex7.vcxproj", "{940AC11C-54AE-469C-BF20-9A77A6428ADA}"
EndProject
Global
	GlobalSection(SolutionConfigurationPlatforms) = preSolution
		Debug|x64 = Debug|x64
		Debug|x86 = Debug|x86
		Release|x64 = Release|x64
		Release|x86 = Release|x86
	EndGlobalSection
	GlobalSection(ProjectConfigurationPlatforms) = postSolution
		{BBFF5FFC-F967-4A2E-B4A2-CAEF4DA4C851}.Debug|x64.ActiveCfg = Debug|x64
		{BBFF5FFC-F967-4A2E-B4A2-CAEF4DA4C851}.Debug|x64.Build.0 = Debug|x64
		{BBFF5FFC-F967-4A2E-B4A2-CAEF4DA4C851}.Debug|x86.ActiveCfg = Debug|Win32
		{BBFF5FFC-F967-4A2E-B4A2-CAEF4DA4C851}.Debug|x86.Build.0 = Debug|Win32
		{BBFF5FFC-F967-4A2E-B4A2-CAEF4DA4C851}.Release|x64.ActiveCfg = Release|x64
		{BBFF5FFC-F967-4A2E-B4A2-CAEF4DA4C851}.Release|x64.Build.0 = Release|x64
		{BBFF5FFC-F967-4A2E-B4A2-CAEF4DA4C851}.Release|x86.ActiveCfg = Release|Win32
		{BBFF5FFC-F967-4A2E-B4A2-CAEF4DA4C851}.Release|x86.Build.0 = Release|Win32
		{820CAE50-C9C8-4A90-AD55-2C2613583D40}.Debug|x64.ActiveCfg = Debug|x64
		{820CAE50-C9C8-4A90-AD55-2C2613583D40}.Debug|x64.Build.0 = Debug|x64
		{820CAE50-C9C8-4A90-AD55-2C2613583D40}.Debug|x86.ActiveCfg = Debug|Win32
		{820CAE50-C9C8-4A90-AD55-2C2613583D40}.Debug|x86.Build.0 = Debug|Win32
		{820CAE50-C9C8-4A90-AD55-2C2613583D40}.Release|x64.ActiveCfg = Release|x64
		{820CAE50-C9C8-4A90-AD55-2C2613583D40}.Release|x64.Build.0 = Release|x64
		{820CAE50-C9C8-4A90-AD55-2C2613583D40}.Release|x86.ActiveCfg = Release|Win32
		{820CAE50-C9C8-4A90-AD55-2C2613583D40}.Release|x86.Build.0 = Release|Win32
		{D33A7E4C-FF20-4E5E-AE25-91EF2867BA34}.Debug|x64.ActiveCfg = Debug|x64
		{D33A7E4C-FF20-4E5E-AE25-91EF2867BA34}.Debug|x64.Build.0 = Debug|x64
		{D33A7E4C-FF20-4E5E-AE25-91EF2867BA34}.Debug|x86.ActiveCfg = Debug|Win32
		{D33A7E4C-FF20-4E5E-AE25-91EF2867BA34}.Debug|x86.Build.0 = Debug|Win32
		{D33A7E4C-FF20-4E5E-AE25-91EF2867BA34}.Release|x64.ActiveCfg = Release|x64
		{D33A7E4C-FF20-4E5E-AE25-91EF2867BA34}.Release|x64.Build.0 = Release|x64
		{D33A7E4C-FF20-4E5E-AE25-91EF2867BA34}.Release|x86.ActiveCfg = Release|Win32
		{D33A7E4C-FF20-4E5E-AE25-91EF2867BA34}.Release|x86.Build.0 = Release|Win32
		{9C8EC024-573C-440E-BBA9-809D115430D5}.Debug|x64.ActiveCfg = Debug|x64
		{9C8EC024-573C-440E-BBA9-809D115430D5}.Debug|x64.Build.0 = Debug|x64
		{9C8EC024-573C-440E-BBA9-809D115430D5}.Debug|x86.ActiveCfg = Debug|Win32
		{9C8EC024-573C-440E-BBA9-809D115430D5}.Debug|x86.Build.0 = Debug|Win32
		{9C8EC024-573C-440E-BBA9-809D115430D5}.Release|x64.ActiveCfg = Release|x64
		{9C8EC024-573C-440E-BBA9-809D115430D5}.Release|x64.Build.0 = Release|x64
		{9C8EC024-573C-440E-BBA9-809D115430D5}.Release|x86.ActiveCfg = Release|Win32
		{9C8EC024-573C-440E-BBA9-809D115430D5}.Release|x86.Build.0 = Release|Win32
		{739F55D2-9919-44FD-B50C-0581607ADF14}.Debug|x64.ActiveCfg = Debug|x64
		{739F55D2-9919-44FD-B50C-0581607ADF14}.Debug|x64.Build.0 = Debug|x64
		{739F55D2-9919-44FD-B50C-0581607ADF14}.Debug|x86.ActiveCfg = Debug|Win32
		{739F55D2-9919-44FD-B50C-0581607ADF14}.Debug|x86.Build.0 = Debug|Win32
		{739F55D2-9919-44FD-B50C-0581607ADF14}.Release|x64.ActiveCfg = Release|x64
		{739F55D2-9919-44FD-B50C-0581607ADF14}.Release|x64.Build.0 = Release|x64
		{739F55D2-9919-44FD-B50C-0581607ADF14}.Release|x86.ActiveCfg = Release|Win32
		{739F55D2-9919-44FD-B50C-0581607ADF14}.Release|x86.Build.0 = Release|Win32
		{9C6FEB02-95F2-4C14-9732-D8274A7A505B}.Debug|x64.ActiveCfg = Debug|x64
		{9C6FEB02-95F2-4C14-9732-D8274A7A505B}.Debug|x64.Build.0 = Debug|x64
		{9C6FEB02-95F2-4C14-9732-D8274A7A505B}.Debug|x86.ActiveCfg = Debug|Win32
		{9C6FEB02-95F2-4C14-9732-D8274A7A505B}.Debug|x86.Build.0 = Debug|Win32
		{9C6FEB02-95F2-4C14-9732-D8274A7A505B}.Release|x64.ActiveCfg = Release|x64
		{9C6FEB02-95F2-4C14-9732-D8274A7A505B}.Release|x64.Build.0 = Release|x64
		{9C6FEB02-95F2-4C14-9732-D8274A7A505B}.Release|x86.ActiveCfg = Release|Win32
		{9C6FEB02-95F2-4C14-9732-D8274A7A505B}.Release|x86.Build.0 = Release|Win32
		{940AC11C-54AE-469C-BF20-9A77A6428ADA}.Debug|x64.ActiveCfg = Debug|x64
		{940AC11C-54AE-469C-BF20-9A77A6428ADA}.Debug|x64.Build.0 = Debug|x64
		{940AC11C-54AE-469C-BF20-9A77A6428ADA}.Debug|x86.ActiveCfg = Debug|Win32
		{940AC11C-54AE-469C-BF20-9A77A6428ADA}.Debug|x86.Build.0 = Debug|Win32
		{940AC11C-54AE-469C-BF20-9A77A6428ADA}.Release|x64.ActiveCfg = Release|x64
		{940AC11C-54AE-469C-BF20-9A77A6428ADA}.Release|x64.Build.0 = Release|x64
		{940AC11C-54AE-469C-BF20-9A77A6428ADA}.Release|x86.ActiveCfg = Release|Win32
		{940AC11C-54AE-469C-BF20-9A77A6428ADA}.Release|x86.Build.0 = Release|Win32
	EndGlobalSection
	GlobalSection(SolutionProperties) = preSolution
		HideSolutionNode = FALSE
	EndGlobalSection
	GlobalSection(ExtensibilityGlobals) = postSolution
		SolutionGuid = {7E80D47C-077A-45CC-8658-11516EB1B6BA}
	EndGlobalSection
EndGlobal
